
Microsoft Visual Studio Solution File, Format Version 12.00
# Visual Studio 15
VisualStudioVersion = 15.0.27130.2003
MinimumVisualStudioVersion = 10.0.40219.1
Project("{FAE04EC0-301F-11D3-BF4B-00C04F79EFBC}") = "Ripper", "Ripper\Ripper.csproj", "{3C7510F8-610C-4458-B9A7-4651A3597197}"
EndProject
Global
	GlobalSection(SolutionConfigurationPlatforms) = preSolution
		Debug|Any CPU = Debug|Any CPU
		Release|Any CPU = Release|Any CPU
	EndGlobalSection
	GlobalSection(ProjectConfigurationPlatforms) = postSolution
		{3C7510F8-610C-4458-B9A7-4651A3597197}.Debug|Any CPU.ActiveCfg = Debug|Any CPU
		{3C7510F8-610C-4458-B9A7-4651A3597197}.Debug|Any CPU.Build.0 = Debug|Any CPU
		{3C7510F8-610C-4458-B9A7-4651A3597197}.Release|Any CPU.ActiveCfg = Release|Any CPU
		{3C7510F8-610C-4458-B9A7-4651A3597197}.Release|Any CPU.Build.0 = Release|Any CPU
	EndGlobalSection
	GlobalSection(SolutionProperties) = preSolution
		HideSolutionNode = FALSE
	EndGlobalSection
	GlobalSection(ExtensibilityGlobals) = postSolution
		SolutionGuid = {A7599448-C956-4755-8FB7-3DFE2D1DBEFB}
	EndGlobalSection
	GlobalSection(TeamFoundationVersionControl) = preSolution
		SccNumberOfProjects = 2
		SccEnterpriseProvider = {4CA58AB2-18FA-4F8D-95D4-32DDF27D184C}
		SccTeamFoundationServer = https://consolechairman.visualstudio.com/
		SccLocalPath0 = .
		SccProjectUniqueName1 = Ripper\\Ripper.csproj
		SccProjectName1 = Ripper
		SccLocalPath1 = Ripper
	EndGlobalSection
EndGlobal
